
Microsoft Visual Studio Solution File, Format Version 12.00
# Visual Studio Version 17
VisualStudioVersion = 17.14.36127.28 d17.14
MinimumVisualStudioVersion = 10.0.40219.1
Project("{FAE04EC0-301F-11D3-BF4B-00C04F79EFBC}") = "BBPC", "BBPC\BBPC.csproj", "{A37A9B20-620A-8A96-D9F0-C7E2AC96999E}"
EndProject
Global
	GlobalSection(SolutionConfigurationPlatforms) = preSolution
		Debug|Any CPU = Debug|Any CPU
		Release|Any CPU = Release|Any CPU
	EndGlobalSection
	GlobalSection(ProjectConfigurationPlatforms) = postSolution
		{A37A9B20-620A-8A96-D9F0-C7E2AC96999E}.Debug|Any CPU.ActiveCfg = Debug|Any CPU
		{A37A9B20-620A-8A96-D9F0-C7E2AC96999E}.Debug|Any CPU.Build.0 = Debug|Any CPU
		{A37A9B20-620A-8A96-D9F0-C7E2AC96999E}.Release|Any CPU.ActiveCfg = Release|Any CPU
		{A37A9B20-620A-8A96-D9F0-C7E2AC96999E}.Release|Any CPU.Build.0 = Release|Any CPU
	EndGlobalSection
	GlobalSection(SolutionProperties) = preSolution
		HideSolutionNode = FALSE
	EndGlobalSection
	GlobalSection(ExtensibilityGlobals) = postSolution
		SolutionGuid = {66353675-AA3F-4BC6-8424-8B1528D83757}
	EndGlobalSection
EndGlobal
